
Microsoft Visual Studio Solution File, Format Version 12.00
# Visual Studio Version 16
VisualStudioVersion = 16.0.30523.141
MinimumVisualStudioVersion = 15.0.26124.0
Project("{9A19103F-16F7-4668-BE54-9A1E7A4F7556}") = "MUsefulMethods", "MUsefullMethods\MUsefulMethods.csproj", "{87BFE5A1-53AB-45EE-8580-8F81B9013E17}"
EndProject
Project("{9A19103F-16F7-4668-BE54-9A1E7A4F7556}") = "MUsefulMethods.Test", "MUsefullMethods.Test\MUsefulMethods.Test.csproj", "{3E078D38-F2BC-41CB-AF40-342A02F5C772}"
EndProject
Global
	GlobalSection(SolutionConfigurationPlatforms) = preSolution
		Debug|Any CPU = Debug|Any CPU
		Debug|x64 = Debug|x64
		Debug|x86 = Debug|x86
		Release|Any CPU = Release|Any CPU
		Release|x64 = Release|x64
		Release|x86 = Release|x86
	EndGlobalSection
	GlobalSection(ProjectConfigurationPlatforms) = postSolution
		{87BFE5A1-53AB-45EE-8580-8F81B9013E17}.Debug|Any CPU.ActiveCfg = Debug|Any CPU
		{87BFE5A1-53AB-45EE-8580-8F81B9013E17}.Debug|Any CPU.Build.0 = Debug|Any CPU
		{87BFE5A1-53AB-45EE-8580-8F81B9013E17}.Debug|x64.ActiveCfg = Debug|Any CPU
		{87BFE5A1-53AB-45EE-8580-8F81B9013E17}.Debug|x64.Build.0 = Debug|Any CPU
		{87BFE5A1-53AB-45EE-8580-8F81B9013E17}.Debug|x86.ActiveCfg = Debug|Any CPU
		{87BFE5A1-53AB-45EE-8580-8F81B9013E17}.Debug|x86.Build.0 = Debug|Any CPU
		{87BFE5A1-53AB-45EE-8580-8F81B9013E17}.Release|Any CPU.ActiveCfg = Release|Any CPU
		{87BFE5A1-53AB-45EE-8580-8F81B9013E17}.Release|Any CPU.Build.0 = Release|Any CPU
		{87BFE5A1-53AB-45EE-8580-8F81B9013E17}.Release|x64.ActiveCfg = Release|Any CPU
		{87BFE5A1-53AB-45EE-8580-8F81B9013E17}.Release|x64.Build.0 = Release|Any CPU
		{87BFE5A1-53AB-45EE-8580-8F81B9013E17}.Release|x86.ActiveCfg = Release|Any CPU
		{87BFE5A1-53AB-45EE-8580-8F81B9013E17}.Release|x86.Build.0 = Release|Any CPU
		{3E078D38-F2BC-41CB-AF40-342A02F5C772}.Debug|Any CPU.ActiveCfg = Debug|Any CPU
		{3E078D38-F2BC-41CB-AF40-342A02F5C772}.Debug|Any CPU.Build.0 = Debug|Any CPU
		{3E078D38-F2BC-41CB-AF40-342A02F5C772}.Debug|x64.ActiveCfg = Debug|Any CPU
		{3E078D38-F2BC-41CB-AF40-342A02F5C772}.Debug|x64.Build.0 = Debug|Any CPU
		{3E078D38-F2BC-41CB-AF40-342A02F5C772}.Debug|x86.ActiveCfg = Debug|Any CPU
		{3E078D38-F2BC-41CB-AF40-342A02F5C772}.Debug|x86.Build.0 = Debug|Any CPU
		{3E078D38-F2BC-41CB-AF40-342A02F5C772}.Release|Any CPU.ActiveCfg = Release|Any CPU
		{3E078D38-F2BC-41CB-AF40-342A02F5C772}.Release|Any CPU.Build.0 = Release|Any CPU
		{3E078D38-F2BC-41CB-AF40-342A02F5C772}.Release|x64.ActiveCfg = Release|Any CPU
		{3E078D38-F2BC-41CB-AF40-342A02F5C772}.Release|x64.Build.0 = Release|Any CPU
		{3E078D38-F2BC-41CB-AF40-342A02F5C772}.Release|x86.ActiveCfg = Release|Any CPU
		{3E078D38-F2BC-41CB-AF40-342A02F5C772}.Release|x86.Build.0 = Release|Any CPU
	EndGlobalSection
	GlobalSection(SolutionProperties) = preSolution
		HideSolutionNode = FALSE
	EndGlobalSection
	GlobalSection(ExtensibilityGlobals) = postSolution
		SolutionGuid = {1E3E427B-0997-4EE1-90A6-57C1E670FE66}
	EndGlobalSection
EndGlobal
